{
  "name": "asb_clasp_source_tracking",
  "version": "1.0.0",
  "lockfileVersion": 1,
  "requires": true,
  "dependencies": {
    "@types/google-apps-script": {
      "version": "1.0.11",
      "resolved": "https://registry.npmjs.org/@types/google-apps-script/-/google-apps-script-1.0.11.tgz",
      "integrity": "sha512-LQS3WtXMv/dcU3kdk2DT80fdTZUdL+7Wi4mIZFBYisbx8SBSln7uPDhejpe9BiULvEscZW74pgqrD+rqAaZw5w=="
    },
    "gas-lib": {
      "version": "2.0.3",
      "resolved": "https://registry.npmjs.org/gas-lib/-/gas-lib-2.0.3.tgz",
      "integrity": "sha512-wlOSy25gucugN0Om4OX+zbPizKcohJC2hgEeZ2v7n4rPgN0nguVBNVWOXObjP5BiAxoZKEHgRQR610ZL90zXiA=="
    }
  }
}
